{
  "nodes": {
    "custom-nvchad-starter": {
      "flake": false,
      "locked": {
        "lastModified": 1742275998,
        "narHash": "sha256-HWbSDc4aO478hqI7Nu5FmgWUrgcznlUtvR00DP4wmMI=",
        "owner": "Osnott",
        "repo": "nvchad",
        "rev": "1e0a89b75e3e7d566a75efb8c5f6b38f1fd89722",
        "type": "github"
      },
      "original": {
        "owner": "Osnott",
        "repo": "nvchad",
        "type": "github"
      }
    },
    "flux": {
      "inputs": {
        "nixpkgs": [
          "nixpkgs"
        ]
      },
      "locked": {
        "lastModified": 1729388191,
        "narHash": "sha256-Ga5JJPgwfpqMFvk8g4un7ySwfTefGCsbUrCDsSnQyiU=",
        "owner": "IogaMaster",
        "repo": "flux",
        "rev": "400896b5c977e0569ea0f8bacb9b42509e0bbd00",
        "type": "github"
      },
      "original": {
        "owner": "IogaMaster",
        "repo": "flux",
        "type": "github"
      }
    },
    "home-manager": {
      "inputs": {
        "nixpkgs": [
          "nixpkgs"
        ]
      },
      "locked": {
        "lastModified": 1742246081,
        "narHash": "sha256-1e4oFbtdOOb6NqauHevWWjEUXZnfZ6RUAJJjn9i4YBc=",
        "owner": "nix-community",
        "repo": "home-manager",
        "rev": "c657142e24a43ea1035889f0b0a7c24598e0e18a",
        "type": "github"
      },
      "original": {
        "owner": "nix-community",
        "repo": "home-manager",
        "type": "github"
      }
    },
    "nixpkgs": {
      "locked": {
        "lastModified": 1742069588,
        "narHash": "sha256-C7jVfohcGzdZRF6DO+ybyG/sqpo1h6bZi9T56sxLy+k=",
        "owner": "nixos",
        "repo": "nixpkgs",
        "rev": "c80f6a7e10b39afcc1894e02ef785b1ad0b0d7e5",
        "type": "github"
      },
      "original": {
        "owner": "nixos",
        "ref": "nixos-unstable",
        "repo": "nixpkgs",
        "type": "github"
      }
    },
    "nixpkgs-stable": {
      "locked": {
        "lastModified": 1742136038,
        "narHash": "sha256-DDe16FJk18sadknQKKG/9FbwEro7A57tg9vB5kxZ8kY=",
        "owner": "nixos",
        "repo": "nixpkgs",
        "rev": "a1185f4064c18a5db37c5c84e5638c78b46e3341",
        "type": "github"
      },
      "original": {
        "owner": "nixos",
        "ref": "nixos-24.11",
        "repo": "nixpkgs",
        "type": "github"
      }
    },
    "nvchad4nix": {
      "inputs": {
        "nixpkgs": [
          "nixpkgs"
        ],
        "nvchad-starter": [
          "custom-nvchad-starter"
        ]
      },
      "locked": {
        "lastModified": 1742271915,
        "narHash": "sha256-Mc2AN43yowSIVjT6vF+9+pJVKrsjXloic7jLp5xXWCw=",
        "owner": "nix-community",
        "repo": "nix4nvchad",
        "rev": "b2f74f85d088f5b66ae31ca515a142758d8052e8",
        "type": "github"
      },
      "original": {
        "owner": "nix-community",
        "repo": "nix4nvchad",
        "type": "github"
      }
    },
    "root": {
      "inputs": {
        "custom-nvchad-starter": "custom-nvchad-starter",
        "flux": "flux",
        "home-manager": "home-manager",
        "nixpkgs": "nixpkgs",
        "nixpkgs-stable": "nixpkgs-stable",
        "nvchad4nix": "nvchad4nix",
        "systems": "systems"
      }
    },
    "systems": {
      "locked": {
        "lastModified": 1689347949,
        "narHash": "sha256-12tWmuL2zgBgZkdoB6qXZsgJEH9LR3oUgpaQq2RbI80=",
        "owner": "nix-systems",
        "repo": "default-linux",
        "rev": "31732fcf5e8fea42e59c2488ad31a0e651500f68",
        "type": "github"
      },
      "original": {
        "owner": "nix-systems",
        "repo": "default-linux",
        "type": "github"
      }
    }
  },
  "root": "root",
  "version": 7
}
